
Microsoft Visual Studio Solution File, Format Version 12.00
# Visual Studio 15
VisualStudioVersion = 15.0.27428.2037
MinimumVisualStudioVersion = 10.0.40219.1
Project("{FAE04EC0-301F-11D3-BF4B-00C04F79EFBC}") = "Principles.ISP.Symptom", "Principles.ISP.Symptom\Principles.ISP.Symptom.csproj", "{6C64CC5D-1FAB-4C73-A870-49AB745591FD}"
EndProject
Global
	GlobalSection(SolutionConfigurationPlatforms) = preSolution
		Debug|Any CPU = Debug|Any CPU
		Release|Any CPU = Release|Any CPU
	EndGlobalSection
	GlobalSection(ProjectConfigurationPlatforms) = postSolution
		{6C64CC5D-1FAB-4C73-A870-49AB745591FD}.Debug|Any CPU.ActiveCfg = Debug|Any CPU
		{6C64CC5D-1FAB-4C73-A870-49AB745591FD}.Debug|Any CPU.Build.0 = Debug|Any CPU
		{6C64CC5D-1FAB-4C73-A870-49AB745591FD}.Release|Any CPU.ActiveCfg = Release|Any CPU
		{6C64CC5D-1FAB-4C73-A870-49AB745591FD}.Release|Any CPU.Build.0 = Release|Any CPU
	EndGlobalSection
	GlobalSection(SolutionProperties) = preSolution
		HideSolutionNode = FALSE
	EndGlobalSection
	GlobalSection(ExtensibilityGlobals) = postSolution
		SolutionGuid = {4144E222-0848-4E64-815F-324BA274C9D4}
	EndGlobalSection
EndGlobal
