
Microsoft Visual Studio Solution File, Format Version 12.00
# Visual Studio 15
VisualStudioVersion = 15.0.27428.2037
MinimumVisualStudioVersion = 10.0.40219.1
Project("{FAE04EC0-301F-11D3-BF4B-00C04F79EFBC}") = "Principles.LSK.Symptom", "Principles.LSK.Symptom\Principles.LSK.Symptom.csproj", "{7B248168-D1DB-4914-88BE-6391D0E1B594}"
EndProject
Global
	GlobalSection(SolutionConfigurationPlatforms) = preSolution
		Debug|Any CPU = Debug|Any CPU
		Release|Any CPU = Release|Any CPU
	EndGlobalSection
	GlobalSection(ProjectConfigurationPlatforms) = postSolution
		{7B248168-D1DB-4914-88BE-6391D0E1B594}.Debug|Any CPU.ActiveCfg = Debug|Any CPU
		{7B248168-D1DB-4914-88BE-6391D0E1B594}.Debug|Any CPU.Build.0 = Debug|Any CPU
		{7B248168-D1DB-4914-88BE-6391D0E1B594}.Release|Any CPU.ActiveCfg = Release|Any CPU
		{7B248168-D1DB-4914-88BE-6391D0E1B594}.Release|Any CPU.Build.0 = Release|Any CPU
	EndGlobalSection
	GlobalSection(SolutionProperties) = preSolution
		HideSolutionNode = FALSE
	EndGlobalSection
	GlobalSection(ExtensibilityGlobals) = postSolution
		SolutionGuid = {CFD519E0-F61D-46D1-9C61-E0D2272F5F39}
	EndGlobalSection
EndGlobal
